// !$*UTF8*$!
{
	archiveVersion = 1;
	classes = {
	};
	objectVersion = 46;
	objects = {

/* Begin PBXBuildFile section */
		FA4182E01C7F12E000529008 /* APFirstScreenViewController.m in Sources */ = {isa = PBXBuildFile; fileRef = FA4182DF1C7F12E000529008 /* APFirstScreenViewController.m */; };
		FA4182E31C7F12F400529008 /* APTransitionAnimator.m in Sources */ = {isa = PBXBuildFile; fileRef = FA4182E21C7F12F400529008 /* APTransitionAnimator.m */; };
		FA4182E61C7F130600529008 /* APChatTableViewController.m in Sources */ = {isa = PBXBuildFile; fileRef = FA4182E51C7F130600529008 /* APChatTableViewController.m */; };
		FA4182E91C7F131000529008 /* APClient.m in Sources */ = {isa = PBXBuildFile; fileRef = FA4182E81C7F131000529008 /* APClient.m */; };
		FA4182EC1C7F131E00529008 /* APChatTableViewCell.m in Sources */ = {isa = PBXBuildFile; fileRef = FA4182EB1C7F131E00529008 /* APChatTableViewCell.m */; };
		FA4182F11C7F134700529008 /* AppDelegate.m in Sources */ = {isa = PBXBuildFile; fileRef = FA4182EE1C7F134700529008 /* AppDelegate.m */; };
		FA4182F21C7F134700529008 /* Assets.xcassets in Resources */ = {isa = PBXBuildFile; fileRef = FA4182EF1C7F134700529008 /* Assets.xcassets */; };
		FA4182F31C7F134700529008 /* Info.plist in Resources */ = {isa = PBXBuildFile; fileRef = FA4182F01C7F134700529008 /* Info.plist */; };
		FA4183101C7F13A600529008 /* act1@2x.png in Resources */ = {isa = PBXBuildFile; fileRef = FA4183021C7F13A600529008 /* act1@2x.png */; };
		FA4183111C7F13A600529008 /* act1@3x.png in Resources */ = {isa = PBXBuildFile; fileRef = FA4183031C7F13A600529008 /* act1@3x.png */; };
		FA4183121C7F13A600529008 /* act2@2x.png in Resources */ = {isa = PBXBuildFile; fileRef = FA4183041C7F13A600529008 /* act2@2x.png */; };
		FA4183131C7F13A600529008 /* act2@3x.png in Resources */ = {isa = PBXBuildFile; fileRef = FA4183051C7F13A600529008 /* act2@3x.png */; };
		FA4183141C7F13A600529008 /* act3@2x.png in Resources */ = {isa = PBXBuildFile; fileRef = FA4183061C7F13A600529008 /* act3@2x.png */; };
		FA4183151C7F13A600529008 /* act3@3x.png in Resources */ = {isa = PBXBuildFile; fileRef = FA4183071C7F13A600529008 /* act3@3x.png */; };
		FA4183161C7F13A600529008 /* act4@2x.png in Resources */ = {isa = PBXBuildFile; fileRef = FA4183081C7F13A600529008 /* act4@2x.png */; };
		FA4183171C7F13A600529008 /* act4@3x.png in Resources */ = {isa = PBXBuildFile; fileRef = FA4183091C7F13A600529008 /* act4@3x.png */; };
		FA4183181C7F13A600529008 /* act5@2x.png in Resources */ = {isa = PBXBuildFile; fileRef = FA41830A1C7F13A600529008 /* act5@2x.png */; };
		FA4183191C7F13A600529008 /* act5@3x.png in Resources */ = {isa = PBXBuildFile; fileRef = FA41830B1C7F13A600529008 /* act5@3x.png */; };
		FA41831A1C7F13A600529008 /* act6@2x.png in Resources */ = {isa = PBXBuildFile; fileRef = FA41830C1C7F13A600529008 /* act6@2x.png */; };
		FA41831B1C7F13A600529008 /* act6@3x.png in Resources */ = {isa = PBXBuildFile; fileRef = FA41830D1C7F13A600529008 /* act6@3x.png */; };
		FA41831C1C7F13A600529008 /* appIcon@2x.png in Resources */ = {isa = PBXBuildFile; fileRef = FA41830E1C7F13A600529008 /* appIcon@2x.png */; };
		FA41831D1C7F13A600529008 /* appicon@3x.png in Resources */ = {isa = PBXBuildFile; fileRef = FA41830F1C7F13A600529008 /* appicon@3x.png */; };
		FA4183211C7F13B400529008 /* APInitializeData.m in Sources */ = {isa = PBXBuildFile; fileRef = FA41831F1C7F13B400529008 /* APInitializeData.m */; };
		FA4183221C7F13B400529008 /* data.plist in Resources */ = {isa = PBXBuildFile; fileRef = FA4183201C7F13B400529008 /* data.plist */; };
		FA4183301C7F13D200529008 /* AFHTTPSessionManager.m in Sources */ = {isa = PBXBuildFile; fileRef = FA4183241C7F13D200529008 /* AFHTTPSessionManager.m */; };
		FA4183311C7F13D200529008 /* AFNetworkReachabilityManager.m in Sources */ = {isa = PBXBuildFile; fileRef = FA4183271C7F13D200529008 /* AFNetworkReachabilityManager.m */; };
		FA4183321C7F13D200529008 /* AFSecurityPolicy.m in Sources */ = {isa = PBXBuildFile; fileRef = FA4183291C7F13D200529008 /* AFSecurityPolicy.m */; };
		FA4183331C7F13D200529008 /* AFURLRequestSerialization.m in Sources */ = {isa = PBXBuildFile; fileRef = FA41832B1C7F13D200529008 /* AFURLRequestSerialization.m */; };
		FA4183341C7F13D200529008 /* AFURLResponseSerialization.m in Sources */ = {isa = PBXBuildFile; fileRef = FA41832D1C7F13D200529008 /* AFURLResponseSerialization.m */; };
		FA4183351C7F13D200529008 /* AFURLSessionManager.m in Sources */ = {isa = PBXBuildFile; fileRef = FA41832F1C7F13D200529008 /* AFURLSessionManager.m */; };
		FA41834A1C7F13E200529008 /* AFAutoPurgingImageCache.m in Sources */ = {isa = PBXBuildFile; fileRef = FA4183371C7F13E200529008 /* AFAutoPurgingImageCache.m */; };
		FA41834B1C7F13E200529008 /* AFImageDownloader.m in Sources */ = {isa = PBXBuildFile; fileRef = FA4183391C7F13E200529008 /* AFImageDownloader.m */; };
		FA41834C1C7F13E200529008 /* AFNetworkActivityIndicatorManager.m in Sources */ = {isa = PBXBuildFile; fileRef = FA41833B1C7F13E200529008 /* AFNetworkActivityIndicatorManager.m */; };
		FA41834D1C7F13E200529008 /* UIActivityIndicatorView+AFNetworking.m in Sources */ = {isa = PBXBuildFile; fileRef = FA41833D1C7F13E200529008 /* UIActivityIndicatorView+AFNetworking.m */; };
		FA41834E1C7F13E200529008 /* UIButton+AFNetworking.m in Sources */ = {isa = PBXBuildFile; fileRef = FA41833F1C7F13E200529008 /* UIButton+AFNetworking.m */; };
		FA41834F1C7F13E200529008 /* UIImageView+AFNetworking.m in Sources */ = {isa = PBXBuildFile; fileRef = FA4183421C7F13E200529008 /* UIImageView+AFNetworking.m */; };
		FA4183501C7F13E200529008 /* UIProgressView+AFNetworking.m in Sources */ = {isa = PBXBuildFile; fileRef = FA4183451C7F13E200529008 /* UIProgressView+AFNetworking.m */; };
		FA4183511C7F13E200529008 /* UIRefreshControl+AFNetworking.m in Sources */ = {isa = PBXBuildFile; fileRef = FA4183471C7F13E200529008 /* UIRefreshControl+AFNetworking.m */; };
		FA4183521C7F13E200529008 /* UIWebView+AFNetworking.m in Sources */ = {isa = PBXBuildFile; fileRef = FA4183491C7F13E200529008 /* UIWebView+AFNetworking.m */; };
		FA4183541C7F13EF00529008 /* main.m in Sources */ = {isa = PBXBuildFile; fileRef = FA4183531C7F13EF00529008 /* main.m */; };
		FA4183591C7F181800529008 /* Localizable.strings in Resources */ = {isa = PBXBuildFile; fileRef = FA4183581C7F181800529008 /* Localizable.strings */; };
		FAC43A2C1C78730200700EB4 /* Main.storyboard in Resources */ = {isa = PBXBuildFile; fileRef = FAC43A2A1C78730200700EB4 /* Main.storyboard */; };
		FAC43A311C78730200700EB4 /* LaunchScreen.storyboard in Resources */ = {isa = PBXBuildFile; fileRef = FAC43A2F1C78730200700EB4 /* LaunchScreen.storyboard */; };
		FAC43A3C1C78730200700EB4 /* TestfulAppTests.m in Sources */ = {isa = PBXBuildFile; fileRef = FAC43A3B1C78730200700EB4 /* TestfulAppTests.m */; };
		FAC43A471C78730200700EB4 /* TestfulAppUITests.m in Sources */ = {isa = PBXBuildFile; fileRef = FAC43A461C78730200700EB4 /* TestfulAppUITests.m */; };
/* End PBXBuildFile section */

/* Begin PBXContainerItemProxy section */
		FAC43A381C78730200700EB4 /* PBXContainerItemProxy */ = {
			isa = PBXContainerItemProxy;
			containerPortal = FAC43A161C78730200700EB4 /* Project object */;
			proxyType = 1;
			remoteGlobalIDString = FAC43A1D1C78730200700EB4;
			remoteInfo = TestfulApp;
		};
		FAC43A431C78730200700EB4 /* PBXContainerItemProxy */ = {
			isa = PBXContainerItemProxy;
			containerPortal = FAC43A161C78730200700EB4 /* Project object */;
			proxyType = 1;
			remoteGlobalIDString = FAC43A1D1C78730200700EB4;
			remoteInfo = TestfulApp;
		};
/* End PBXContainerItemProxy section */

/* Begin PBXFileReference section */
		FA4182DE1C7F12E000529008 /* APFirstScreenViewController.h */ = {isa = PBXFileReference; fileEncoding = 4; lastKnownFileType = sourcecode.c.h; name = APFirstScreenViewController.h; path = FirstScreen/Controller/APFirstScreenViewController.h; sourceTree = "<group>"; };
		FA4182DF1C7F12E000529008 /* APFirstScreenViewController.m */ = {isa = PBXFileReference; fileEncoding = 4; lastKnownFileType = sourcecode.c.objc; name = APFirstScreenViewController.m; path = FirstScreen/Controller/APFirstScreenViewController.m; sourceTree = "<group>"; };
		FA4182E11C7F12F400529008 /* APTransitionAnimator.h */ = {isa = PBXFileReference; fileEncoding = 4; lastKnownFileType = sourcecode.c.h; name = APTransitionAnimator.h; path = FirstScreen/View/Transition/APTransitionAnimator.h; sourceTree = "<group>"; };
		FA4182E21C7F12F400529008 /* APTransitionAnimator.m */ = {isa = PBXFileReference; fileEncoding = 4; lastKnownFileType = sourcecode.c.objc; name = APTransitionAnimator.m; path = FirstScreen/View/Transition/APTransitionAnimator.m; sourceTree = "<group>"; };
		FA4182E41C7F130600529008 /* APChatTableViewController.h */ = {isa = PBXFileReference; fileEncoding = 4; lastKnownFileType = sourcecode.c.h; name = APChatTableViewController.h; path = ChatsScreen/Controller/APChatTableViewController.h; sourceTree = "<group>"; };
		FA4182E51C7F130600529008 /* APChatTableViewController.m */ = {isa = PBXFileReference; fileEncoding = 4; lastKnownFileType = sourcecode.c.objc; name = APChatTableViewController.m; path = ChatsScreen/Controller/APChatTableViewController.m; sourceTree = "<group>"; };
		FA4182E71C7F131000529008 /* APClient.h */ = {isa = PBXFileReference; fileEncoding = 4; lastKnownFileType = sourcecode.c.h; name = APClient.h; path = ChatsScreen/Models/APClient.h; sourceTree = "<group>"; };
		FA4182E81C7F131000529008 /* APClient.m */ = {isa = PBXFileReference; fileEncoding = 4; lastKnownFileType = sourcecode.c.objc; name = APClient.m; path = ChatsScreen/Models/APClient.m; sourceTree = "<group>"; };
		FA4182EA1C7F131E00529008 /* APChatTableViewCell.h */ = {isa = PBXFileReference; fileEncoding = 4; lastKnownFileType = sourcecode.c.h; name = APChatTableViewCell.h; path = ChatsScreen/View/Cells/APChatTableViewCell.h; sourceTree = "<group>"; };
		FA4182EB1C7F131E00529008 /* APChatTableViewCell.m */ = {isa = PBXFileReference; fileEncoding = 4; lastKnownFileType = sourcecode.c.objc; name = APChatTableViewCell.m; path = ChatsScreen/View/Cells/APChatTableViewCell.m; sourceTree = "<group>"; };
		FA4182ED1C7F134700529008 /* AppDelegate.h */ = {isa = PBXFileReference; fileEncoding = 4; lastKnownFileType = sourcecode.c.h; name = AppDelegate.h; path = Application/AppDelegate.h; sourceTree = "<group>"; };
		FA4182EE1C7F134700529008 /* AppDelegate.m */ = {isa = PBXFileReference; fileEncoding = 4; lastKnownFileType = sourcecode.c.objc; name = AppDelegate.m; path = Application/AppDelegate.m; sourceTree = "<group>"; };
		FA4182EF1C7F134700529008 /* Assets.xcassets */ = {isa = PBXFileReference; lastKnownFileType = folder.assetcatalog; name = Assets.xcassets; path = Application/Assets.xcassets; sourceTree = "<group>"; };
		FA4182F01C7F134700529008 /* Info.plist */ = {isa = PBXFileReference; fileEncoding = 4; lastKnownFileType = text.plist.xml; name = Info.plist; path = Application/Info.plist; sourceTree = "<group>"; };
		FA4183021C7F13A600529008 /* act1@2x.png */ = {isa = PBXFileReference; lastKnownFileType = image.png; name = "act1@2x.png"; path = "Application/Images/act1@2x.png"; sourceTree = "<group>"; };
		FA4183031C7F13A600529008 /* act1@3x.png */ = {isa = PBXFileReference; lastKnownFileType = image.png; name = "act1@3x.png"; path = "Application/Images/act1@3x.png"; sourceTree = "<group>"; };
		FA4183041C7F13A600529008 /* act2@2x.png */ = {isa = PBXFileReference; lastKnownFileType = image.png; name = "act2@2x.png"; path = "Application/Images/act2@2x.png"; sourceTree = "<group>"; };
		FA4183051C7F13A600529008 /* act2@3x.png */ = {isa = PBXFileReference; lastKnownFileType = image.png; name = "act2@3x.png"; path = "Application/Images/act2@3x.png"; sourceTree = "<group>"; };
		FA4183061C7F13A600529008 /* act3@2x.png */ = {isa = PBXFileReference; lastKnownFileType = image.png; name = "act3@2x.png"; path = "Application/Images/act3@2x.png"; sourceTree = "<group>"; };
		FA4183071C7F13A600529008 /* act3@3x.png */ = {isa = PBXFileReference; lastKnownFileType = image.png; name = "act3@3x.png"; path = "Application/Images/act3@3x.png"; sourceTree = "<group>"; };
		FA4183081C7F13A600529008 /* act4@2x.png */ = {isa = PBXFileReference; lastKnownFileType = image.png; name = "act4@2x.png"; path = "Application/Images/act4@2x.png"; sourceTree = "<group>"; };
		FA4183091C7F13A600529008 /* act4@3x.png */ = {isa = PBXFileReference; lastKnownFileType = image.png; name = "act4@3x.png"; path = "Application/Images/act4@3x.png"; sourceTree = "<group>"; };
		FA41830A1C7F13A600529008 /* act5@2x.png */ = {isa = PBXFileReference; lastKnownFileType = image.png; name = "act5@2x.png"; path = "Application/Images/act5@2x.png"; sourceTree = "<group>"; };
		FA41830B1C7F13A600529008 /* act5@3x.png */ = {isa = PBXFileReference; lastKnownFileType = image.png; name = "act5@3x.png"; path = "Application/Images/act5@3x.png"; sourceTree = "<group>"; };
		FA41830C1C7F13A600529008 /* act6@2x.png */ = {isa = PBXFileReference; lastKnownFileType = image.png; name = "act6@2x.png"; path = "Application/Images/act6@2x.png"; sourceTree = "<group>"; };
		FA41830D1C7F13A600529008 /* act6@3x.png */ = {isa = PBXFileReference; lastKnownFileType = image.png; name = "act6@3x.png"; path = "Application/Images/act6@3x.png"; sourceTree = "<group>"; };
		FA41830E1C7F13A600529008 /* appIcon@2x.png */ = {isa = PBXFileReference; lastKnownFileType = image.png; name = "appIcon@2x.png"; path = "Application/Images/appIcon@2x.png"; sourceTree = "<group>"; };
		FA41830F1C7F13A600529008 /* appicon@3x.png */ = {isa = PBXFileReference; lastKnownFileType = image.png; name = "appicon@3x.png"; path = "Application/Images/appicon@3x.png"; sourceTree = "<group>"; };
		FA41831E1C7F13B400529008 /* APInitializeData.h */ = {isa = PBXFileReference; fileEncoding = 4; lastKnownFileType = sourcecode.c.h; name = APInitializeData.h; path = Application/ServerData/APInitializeData.h; sourceTree = "<group>"; };
		FA41831F1C7F13B400529008 /* APInitializeData.m */ = {isa = PBXFileReference; fileEncoding = 4; lastKnownFileType = sourcecode.c.objc; name = APInitializeData.m; path = Application/ServerData/APInitializeData.m; sourceTree = "<group>"; };
		FA4183201C7F13B400529008 /* data.plist */ = {isa = PBXFileReference; fileEncoding = 4; lastKnownFileType = text.plist.xml; name = data.plist; path = Application/ServerData/data.plist; sourceTree = "<group>"; };
		FA4183231C7F13D200529008 /* AFHTTPSessionManager.h */ = {isa = PBXFileReference; fileEncoding = 4; lastKnownFileType = sourcecode.c.h; name = AFHTTPSessionManager.h; path = "TestfulApp/Supporting Files/Libs/AFNetworking/AFHTTPSessionManager.h"; sourceTree = SOURCE_ROOT; };
		FA4183241C7F13D200529008 /* AFHTTPSessionManager.m */ = {isa = PBXFileReference; fileEncoding = 4; lastKnownFileType = sourcecode.c.objc; name = AFHTTPSessionManager.m; path = "TestfulApp/Supporting Files/Libs/AFNetworking/AFHTTPSessionManager.m"; sourceTree = SOURCE_ROOT; };
		FA4183251C7F13D200529008 /* AFNetworking.h */ = {isa = PBXFileReference; fileEncoding = 4; lastKnownFileType = sourcecode.c.h; name = AFNetworking.h; path = "TestfulApp/Supporting Files/Libs/AFNetworking/AFNetworking.h"; sourceTree = SOURCE_ROOT; };
		FA4183261C7F13D200529008 /* AFNetworkReachabilityManager.h */ = {isa = PBXFileReference; fileEncoding = 4; lastKnownFileType = sourcecode.c.h; name = AFNetworkReachabilityManager.h; path = "TestfulApp/Supporting Files/Libs/AFNetworking/AFNetworkReachabilityManager.h"; sourceTree = SOURCE_ROOT; };
		FA4183271C7F13D200529008 /* AFNetworkReachabilityManager.m */ = {isa = PBXFileReference; fileEncoding = 4; lastKnownFileType = sourcecode.c.objc; name = AFNetworkReachabilityManager.m; path = "TestfulApp/Supporting Files/Libs/AFNetworking/AFNetworkReachabilityManager.m"; sourceTree = SOURCE_ROOT; };
		FA4183281C7F13D200529008 /* AFSecurityPolicy.h */ = {isa = PBXFileReference; fileEncoding = 4; lastKnownFileType = sourcecode.c.h; name = AFSecurityPolicy.h; path = "TestfulApp/Supporting Files/Libs/AFNetworking/AFSecurityPolicy.h"; sourceTree = SOURCE_ROOT; };
		FA4183291C7F13D200529008 /* AFSecurityPolicy.m */ = {isa = PBXFileReference; fileEncoding = 4; lastKnownFileType = sourcecode.c.objc; name = AFSecurityPolicy.m; path = "TestfulApp/Supporting Files/Libs/AFNetworking/AFSecurityPolicy.m"; sourceTree = SOURCE_ROOT; };
		FA41832A1C7F13D200529008 /* AFURLRequestSerialization.h */ = {isa = PBXFileReference; fileEncoding = 4; lastKnownFileType = sourcecode.c.h; name = AFURLRequestSerialization.h; path = "TestfulApp/Supporting Files/Libs/AFNetworking/AFURLRequestSerialization.h"; sourceTree = SOURCE_ROOT; };
		FA41832B1C7F13D200529008 /* AFURLRequestSerialization.m */ = {isa = PBXFileReference; fileEncoding = 4; lastKnownFileType = sourcecode.c.objc; name = AFURLRequestSerialization.m; path = "TestfulApp/Supporting Files/Libs/AFNetworking/AFURLRequestSerialization.m"; sourceTree = SOURCE_ROOT; };
		FA41832C1C7F13D200529008 /* AFURLResponseSerialization.h */ = {isa = PBXFileReference; fileEncoding = 4; lastKnownFileType = sourcecode.c.h; name = AFURLResponseSerialization.h; path = "TestfulApp/Supporting Files/Libs/AFNetworking/AFURLResponseSerialization.h"; sourceTree = SOURCE_ROOT; };
		FA41832D1C7F13D200529008 /* AFURLResponseSerialization.m */ = {isa = PBXFileReference; fileEncoding = 4; lastKnownFileType = sourcecode.c.objc; name = AFURLResponseSerialization.m; path = "TestfulApp/Supporting Files/Libs/AFNetworking/AFURLResponseSerialization.m"; sourceTree = SOURCE_ROOT; };
		FA41832E1C7F13D200529008 /* AFURLSessionManager.h */ = {isa = PBXFileReference; fileEncoding = 4; lastKnownFileType = sourcecode.c.h; name = AFURLSessionManager.h; path = "TestfulApp/Supporting Files/Libs/AFNetworking/AFURLSessionManager.h"; sourceTree = SOURCE_ROOT; };
		FA41832F1C7F13D200529008 /* AFURLSessionManager.m */ = {isa = PBXFileReference; fileEncoding = 4; lastKnownFileType = sourcecode.c.objc; name = AFURLSessionManager.m; path = "TestfulApp/Supporting Files/Libs/AFNetworking/AFURLSessionManager.m"; sourceTree = SOURCE_ROOT; };
		FA4183361C7F13E200529008 /* AFAutoPurgingImageCache.h */ = {isa = PBXFileReference; fileEncoding = 4; lastKnownFileType = sourcecode.c.h; name = AFAutoPurgingImageCache.h; path = "TestfulApp/Supporting Files/Libs/UIKit+AFNetworking/AFAutoPurgingImageCache.h"; sourceTree = SOURCE_ROOT; };
		FA4183371C7F13E200529008 /* AFAutoPurgingImageCache.m */ = {isa = PBXFileReference; fileEncoding = 4; lastKnownFileType = sourcecode.c.objc; name = AFAutoPurgingImageCache.m; path = "TestfulApp/Supporting Files/Libs/UIKit+AFNetworking/AFAutoPurgingImageCache.m"; sourceTree = SOURCE_ROOT; };
		FA4183381C7F13E200529008 /* AFImageDownloader.h */ = {isa = PBXFileReference; fileEncoding = 4; lastKnownFileType = sourcecode.c.h; name = AFImageDownloader.h; path = "TestfulApp/Supporting Files/Libs/UIKit+AFNetworking/AFImageDownloader.h"; sourceTree = SOURCE_ROOT; };
		FA4183391C7F13E200529008 /* AFImageDownloader.m */ = {isa = PBXFileReference; fileEncoding = 4; lastKnownFileType = sourcecode.c.objc; name = AFImageDownloader.m; path = "TestfulApp/Supporting Files/Libs/UIKit+AFNetworking/AFImageDownloader.m"; sourceTree = SOURCE_ROOT; };
		FA41833A1C7F13E200529008 /* AFNetworkActivityIndicatorManager.h */ = {isa = PBXFileReference; fileEncoding = 4; lastKnownFileType = sourcecode.c.h; name = AFNetworkActivityIndicatorManager.h; path = "TestfulApp/Supporting Files/Libs/UIKit+AFNetworking/AFNetworkActivityIndicatorManager.h"; sourceTree = SOURCE_ROOT; };
		FA41833B1C7F13E200529008 /* AFNetworkActivityIndicatorManager.m */ = {isa = PBXFileReference; fileEncoding = 4; lastKnownFileType = sourcecode.c.objc; name = AFNetworkActivityIndicatorManager.m; path = "TestfulApp/Supporting Files/Libs/UIKit+AFNetworking/AFNetworkActivityIndicatorManager.m"; sourceTree = SOURCE_ROOT; };
		FA41833C1C7F13E200529008 /* UIActivityIndicatorView+AFNetworking.h */ = {isa = PBXFileReference; fileEncoding = 4; lastKnownFileType = sourcecode.c.h; name = "UIActivityIndicatorView+AFNetworking.h"; path = "TestfulApp/Supporting Files/Libs/UIKit+AFNetworking/UIActivityIndicatorView+AFNetworking.h"; sourceTree = SOURCE_ROOT; };
		FA41833D1C7F13E200529008 /* UIActivityIndicatorView+AFNetworking.m */ = {isa = PBXFileReference; fileEncoding = 4; lastKnownFileType = sourcecode.c.objc; name = "UIActivityIndicatorView+AFNetworking.m"; path = "TestfulApp/Supporting Files/Libs/UIKit+AFNetworking/UIActivityIndicatorView+AFNetworking.m"; sourceTree = SOURCE_ROOT; };
		FA41833E1C7F13E200529008 /* UIButton+AFNetworking.h */ = {isa = PBXFileReference; fileEncoding = 4; lastKnownFileType = sourcecode.c.h; name = "UIButton+AFNetworking.h"; path = "TestfulApp/Supporting Files/Libs/UIKit+AFNetworking/UIButton+AFNetworking.h"; sourceTree = SOURCE_ROOT; };
		FA41833F1C7F13E200529008 /* UIButton+AFNetworking.m */ = {isa = PBXFileReference; fileEncoding = 4; lastKnownFileType = sourcecode.c.objc; name = "UIButton+AFNetworking.m"; path = "TestfulApp/Supporting Files/Libs/UIKit+AFNetworking/UIButton+AFNetworking.m"; sourceTree = SOURCE_ROOT; };
		FA4183401C7F13E200529008 /* UIImage+AFNetworking.h */ = {isa = PBXFileReference; fileEncoding = 4; lastKnownFileType = sourcecode.c.h; name = "UIImage+AFNetworking.h"; path = "TestfulApp/Supporting Files/Libs/UIKit+AFNetworking/UIImage+AFNetworking.h"; sourceTree = SOURCE_ROOT; };
		FA4183411C7F13E200529008 /* UIImageView+AFNetworking.h */ = {isa = PBXFileReference; fileEncoding = 4; lastKnownFileType = sourcecode.c.h; name = "UIImageView+AFNetworking.h"; path = "TestfulApp/Supporting Files/Libs/UIKit+AFNetworking/UIImageView+AFNetworking.h"; sourceTree = SOURCE_ROOT; };
		FA4183421C7F13E200529008 /* UIImageView+AFNetworking.m */ = {isa = PBXFileReference; fileEncoding = 4; lastKnownFileType = sourcecode.c.objc; name = "UIImageView+AFNetworking.m"; path = "TestfulApp/Supporting Files/Libs/UIKit+AFNetworking/UIImageView+AFNetworking.m"; sourceTree = SOURCE_ROOT; };
		FA4183431C7F13E200529008 /* UIKit+AFNetworking.h */ = {isa = PBXFileReference; fileEncoding = 4; lastKnownFileType = sourcecode.c.h; name = "UIKit+AFNetworking.h"; path = "TestfulApp/Supporting Files/Libs/UIKit+AFNetworking/UIKit+AFNetworking.h"; sourceTree = SOURCE_ROOT; };
		FA4183441C7F13E200529008 /* UIProgressView+AFNetworking.h */ = {isa = PBXFileReference; fileEncoding = 4; lastKnownFileType = sourcecode.c.h; name = "UIProgressView+AFNetworking.h"; path = "TestfulApp/Supporting Files/Libs/UIKit+AFNetworking/UIProgressView+AFNetworking.h"; sourceTree = SOURCE_ROOT; };
		FA4183451C7F13E200529008 /* UIProgressView+AFNetworking.m */ = {isa = PBXFileReference; fileEncoding = 4; lastKnownFileType = sourcecode.c.objc; name = "UIProgressView+AFNetworking.m"; path = "TestfulApp/Supporting Files/Libs/UIKit+AFNetworking/UIProgressView+AFNetworking.m"; sourceTree = SOURCE_ROOT; };
		FA4183461C7F13E200529008 /* UIRefreshControl+AFNetworking.h */ = {isa = PBXFileReference; fileEncoding = 4; lastKnownFileType = sourcecode.c.h; name = "UIRefreshControl+AFNetworking.h"; path = "TestfulApp/Supporting Files/Libs/UIKit+AFNetworking/UIRefreshControl+AFNetworking.h"; sourceTree = SOURCE_ROOT; };
		FA4183471C7F13E200529008 /* UIRefreshControl+AFNetworking.m */ = {isa = PBXFileReference; fileEncoding = 4; lastKnownFileType = sourcecode.c.objc; name = "UIRefreshControl+AFNetworking.m"; path = "TestfulApp/Supporting Files/Libs/UIKit+AFNetworking/UIRefreshControl+AFNetworking.m"; sourceTree = SOURCE_ROOT; };
		FA4183481C7F13E200529008 /* UIWebView+AFNetworking.h */ = {isa = PBXFileReference; fileEncoding = 4; lastKnownFileType = sourcecode.c.h; name = "UIWebView+AFNetworking.h"; path = "TestfulApp/Supporting Files/Libs/UIKit+AFNetworking/UIWebView+AFNetworking.h"; sourceTree = SOURCE_ROOT; };
		FA4183491C7F13E200529008 /* UIWebView+AFNetworking.m */ = {isa = PBXFileReference; fileEncoding = 4; lastKnownFileType = sourcecode.c.objc; name = "UIWebView+AFNetworking.m"; path = "TestfulApp/Supporting Files/Libs/UIKit+AFNetworking/UIWebView+AFNetworking.m"; sourceTree = SOURCE_ROOT; };
		FA4183531C7F13EF00529008 /* main.m */ = {isa = PBXFileReference; fileEncoding = 4; lastKnownFileType = sourcecode.c.objc; name = main.m; path = "Supporting Files/main.m"; sourceTree = "<group>"; };
		FA4183581C7F181800529008 /* Localizable.strings */ = {isa = PBXFileReference; fileEncoding = 4; lastKnownFileType = text.plist.strings; path = Localizable.strings; sourceTree = "<group>"; };
		FAC43A1E1C78730200700EB4 /* TestfulApp.app */ = {isa = PBXFileReference; explicitFileType = wrapper.application; includeInIndex = 0; path = TestfulApp.app; sourceTree = BUILT_PRODUCTS_DIR; };
		FAC43A2B1C78730200700EB4 /* Base */ = {isa = PBXFileReference; lastKnownFileType = file.storyboard; name = Base; path = Base.lproj/Main.storyboard; sourceTree = "<group>"; };
		FAC43A301C78730200700EB4 /* Base */ = {isa = PBXFileReference; lastKnownFileType = file.storyboard; name = Base; path = Base.lproj/LaunchScreen.storyboard; sourceTree = "<group>"; };
		FAC43A371C78730200700EB4 /* TestfulAppTests.xctest */ = {isa = PBXFileReference; explicitFileType = wrapper.cfbundle; includeInIndex = 0; path = TestfulAppTests.xctest; sourceTree = BUILT_PRODUCTS_DIR; };
		FAC43A3B1C78730200700EB4 /* TestfulAppTests.m */ = {isa = PBXFileReference; lastKnownFileType = sourcecode.c.objc; path = TestfulAppTests.m; sourceTree = "<group>"; };
		FAC43A3D1C78730200700EB4 /* Info.plist */ = {isa = PBXFileReference; lastKnownFileType = text.plist.xml; path = Info.plist; sourceTree = "<group>"; };
		FAC43A421C78730200700EB4 /* TestfulAppUITests.xctest */ = {isa = PBXFileReference; explicitFileType = wrapper.cfbundle; includeInIndex = 0; path = TestfulAppUITests.xctest; sourceTree = BUILT_PRODUCTS_DIR; };
		FAC43A461C78730200700EB4 /* TestfulAppUITests.m */ = {isa = PBXFileReference; lastKnownFileType = sourcecode.c.objc; path = TestfulAppUITests.m; sourceTree = "<group>"; };
		FAC43A481C78730200700EB4 /* Info.plist */ = {isa = PBXFileReference; lastKnownFileType = text.plist.xml; path = Info.plist; sourceTree = "<group>"; };
		FAC43ABF1C7A196E00700EB4 /* ru */ = {isa = PBXFileReference; lastKnownFileType = text.plist.strings; name = ru; path = ru.lproj/Main.strings; sourceTree = "<group>"; };
		FAC43AC01C7A196E00700EB4 /* ru */ = {isa = PBXFileReference; lastKnownFileType = text.plist.strings; name = ru; path = ru.lproj/LaunchScreen.strings; sourceTree = "<group>"; };
/* End PBXFileReference section */

/* Begin PBXFrameworksBuildPhase section */
		FAC43A1B1C78730200700EB4 /* Frameworks */ = {
			isa = PBXFrameworksBuildPhase;
			buildActionMask = 2147483647;
			files = (
			);
			runOnlyForDeploymentPostprocessing = 0;
		};
		FAC43A341C78730200700EB4 /* Frameworks */ = {
			isa = PBXFrameworksBuildPhase;
			buildActionMask = 2147483647;
			files = (
			);
			runOnlyForDeploymentPostprocessing = 0;
		};
		FAC43A3F1C78730200700EB4 /* Frameworks */ = {
			isa = PBXFrameworksBuildPhase;
			buildActionMask = 2147483647;
			files = (
			);
			runOnlyForDeploymentPostprocessing = 0;
		};
/* End PBXFrameworksBuildPhase section */

/* Begin PBXGroup section */
		FA3BFC621C7DE87F00E4C813 /* Models */ = {
			isa = PBXGroup;
			children = (
				FA4182E71C7F131000529008 /* APClient.h */,
				FA4182E81C7F131000529008 /* APClient.m */,
			);
			name = Models;
			sourceTree = "<group>";
		};
		FA3BFC631C7DE88B00E4C813 /* Cells */ = {
			isa = PBXGroup;
			children = (
				FA4182EA1C7F131E00529008 /* APChatTableViewCell.h */,
				FA4182EB1C7F131E00529008 /* APChatTableViewCell.m */,
			);
			name = Cells;
			sourceTree = "<group>";
		};
		FA3BFC641C7DE8AC00E4C813 /* ChatsScreen */ = {
			isa = PBXGroup;
			children = (
				FACD0B401C7F0BFE005774A7 /* Controller */,
				FA3BFC621C7DE87F00E4C813 /* Models */,
				FACD0B3F1C7F0BD0005774A7 /* View */,
			);
			name = ChatsScreen;
			sourceTree = "<group>";
		};
		FAC43A151C78730200700EB4 = {
			isa = PBXGroup;
			children = (
				FAC43A201C78730200700EB4 /* TestfulApp */,
				FAC43A3A1C78730200700EB4 /* TestfulAppTests */,
				FAC43A451C78730200700EB4 /* TestfulAppUITests */,
				FAC43A1F1C78730200700EB4 /* Products */,
			);
			sourceTree = "<group>";
		};
		FAC43A1F1C78730200700EB4 /* Products */ = {
			isa = PBXGroup;
			children = (
				FAC43A1E1C78730200700EB4 /* TestfulApp.app */,
				FAC43A371C78730200700EB4 /* TestfulAppTests.xctest */,
				FAC43A421C78730200700EB4 /* TestfulAppUITests.xctest */,
			);
			name = Products;
			sourceTree = "<group>";
		};
		FAC43A201C78730200700EB4 /* TestfulApp */ = {
			isa = PBXGroup;
			children = (
				FACD0B3D1C7F0AFC005774A7 /* FirstScreen */,
				FA3BFC641C7DE8AC00E4C813 /* ChatsScreen */,
				FACD0B3C1C7F0ABF005774A7 /* Storyboards */,
				FACD0B3B1C7F09F1005774A7 /* Application */,
				FAC43A211C78730200700EB4 /* Supporting Files */,
			);
			path = TestfulApp;
			sourceTree = "<group>";
		};
		FAC43A211C78730200700EB4 /* Supporting Files */ = {
			isa = PBXGroup;
			children = (
				FA4183531C7F13EF00529008 /* main.m */,
				FACD0B3A1C7F09E7005774A7 /* Libs */,
			);
			name = "Supporting Files";
			sourceTree = "<group>";
		};
		FAC43A3A1C78730200700EB4 /* TestfulAppTests */ = {
			isa = PBXGroup;
			children = (
				FAC43A3B1C78730200700EB4 /* TestfulAppTests.m */,
				FAC43A3D1C78730200700EB4 /* Info.plist */,
			);
			path = TestfulAppTests;
			sourceTree = "<group>";
		};
		FAC43A451C78730200700EB4 /* TestfulAppUITests */ = {
			isa = PBXGroup;
			children = (
				FAC43A461C78730200700EB4 /* TestfulAppUITests.m */,
				FAC43A481C78730200700EB4 /* Info.plist */,
			);
			path = TestfulAppUITests;
			sourceTree = "<group>";
		};
		FAC43A701C78733F00700EB4 /* Images */ = {
			isa = PBXGroup;
			children = (
				FA4183021C7F13A600529008 /* act1@2x.png */,
				FA4183031C7F13A600529008 /* act1@3x.png */,
				FA4183041C7F13A600529008 /* act2@2x.png */,
				FA4183051C7F13A600529008 /* act2@3x.png */,
				FA4183061C7F13A600529008 /* act3@2x.png */,
				FA4183071C7F13A600529008 /* act3@3x.png */,
				FA4183081C7F13A600529008 /* act4@2x.png */,
				FA4183091C7F13A600529008 /* act4@3x.png */,
				FA41830A1C7F13A600529008 /* act5@2x.png */,
				FA41830B1C7F13A600529008 /* act5@3x.png */,
				FA41830C1C7F13A600529008 /* act6@2x.png */,
				FA41830D1C7F13A600529008 /* act6@3x.png */,
				FA41830E1C7F13A600529008 /* appIcon@2x.png */,
				FA41830F1C7F13A600529008 /* appicon@3x.png */,
			);
			name = Images;
			sourceTree = "<group>";
		};
		FAC43A8D1C79FA7300700EB4 /* UIKit+AFNetworking */ = {
			isa = PBXGroup;
			children = (
				FA4183361C7F13E200529008 /* AFAutoPurgingImageCache.h */,
				FA4183371C7F13E200529008 /* AFAutoPurgingImageCache.m */,
				FA4183381C7F13E200529008 /* AFImageDownloader.h */,
				FA4183391C7F13E200529008 /* AFImageDownloader.m */,
				FA41833A1C7F13E200529008 /* AFNetworkActivityIndicatorManager.h */,
				FA41833B1C7F13E200529008 /* AFNetworkActivityIndicatorManager.m */,
				FA41833C1C7F13E200529008 /* UIActivityIndicatorView+AFNetworking.h */,
				FA41833D1C7F13E200529008 /* UIActivityIndicatorView+AFNetworking.m */,
				FA41833E1C7F13E200529008 /* UIButton+AFNetworking.h */,
				FA41833F1C7F13E200529008 /* UIButton+AFNetworking.m */,
				FA4183401C7F13E200529008 /* UIImage+AFNetworking.h */,
				FA4183411C7F13E200529008 /* UIImageView+AFNetworking.h */,
				FA4183421C7F13E200529008 /* UIImageView+AFNetworking.m */,
				FA4183431C7F13E200529008 /* UIKit+AFNetworking.h */,
				FA4183441C7F13E200529008 /* UIProgressView+AFNetworking.h */,
				FA4183451C7F13E200529008 /* UIProgressView+AFNetworking.m */,
				FA4183461C7F13E200529008 /* UIRefreshControl+AFNetworking.h */,
				FA4183471C7F13E200529008 /* UIRefreshControl+AFNetworking.m */,
				FA4183481C7F13E200529008 /* UIWebView+AFNetworking.h */,
				FA4183491C7F13E200529008 /* UIWebView+AFNetworking.m */,
			);
			path = "UIKit+AFNetworking";
			sourceTree = "<group>";
		};
		FAC43AAB1C79FB9400700EB4 /* AFNetworking */ = {
			isa = PBXGroup;
			children = (
				FA4183231C7F13D200529008 /* AFHTTPSessionManager.h */,
				FA4183241C7F13D200529008 /* AFHTTPSessionManager.m */,
				FA4183251C7F13D200529008 /* AFNetworking.h */,
				FA4183261C7F13D200529008 /* AFNetworkReachabilityManager.h */,
				FA4183271C7F13D200529008 /* AFNetworkReachabilityManager.m */,
				FA4183281C7F13D200529008 /* AFSecurityPolicy.h */,
				FA4183291C7F13D200529008 /* AFSecurityPolicy.m */,
				FA41832A1C7F13D200529008 /* AFURLRequestSerialization.h */,
				FA41832B1C7F13D200529008 /* AFURLRequestSerialization.m */,
				FA41832C1C7F13D200529008 /* AFURLResponseSerialization.h */,
				FA41832D1C7F13D200529008 /* AFURLResponseSerialization.m */,
				FA41832E1C7F13D200529008 /* AFURLSessionManager.h */,
				FA41832F1C7F13D200529008 /* AFURLSessionManager.m */,
			);
			path = AFNetworking;
			sourceTree = "<group>";
		};
		FACD0B3A1C7F09E7005774A7 /* Libs */ = {
			isa = PBXGroup;
			children = (
				FAC43AAB1C79FB9400700EB4 /* AFNetworking */,
				FAC43A8D1C79FA7300700EB4 /* UIKit+AFNetworking */,
			);
			name = Libs;
			sourceTree = "<group>";
		};
		FACD0B3B1C7F09F1005774A7 /* Application */ = {
			isa = PBXGroup;
			children = (
				FA4183581C7F181800529008 /* Localizable.strings */,
				FA4182ED1C7F134700529008 /* AppDelegate.h */,
				FA4182EE1C7F134700529008 /* AppDelegate.m */,
				FA4182EF1C7F134700529008 /* Assets.xcassets */,
				FA4182F01C7F134700529008 /* Info.plist */,
				FAC43A701C78733F00700EB4 /* Images */,
				FACD0B431C7F0C70005774A7 /* ServerData */,
			);
			name = Application;
			sourceTree = "<group>";
		};
		FACD0B3C1C7F0ABF005774A7 /* Storyboards */ = {
			isa = PBXGroup;
			children = (
				FAC43A2A1C78730200700EB4 /* Main.storyboard */,
				FAC43A2F1C78730200700EB4 /* LaunchScreen.storyboard */,
			);
			name = Storyboards;
			sourceTree = "<group>";
		};
		FACD0B3D1C7F0AFC005774A7 /* FirstScreen */ = {
			isa = PBXGroup;
			children = (
				FACD0B411C7F0C1A005774A7 /* Controller */,
				FACD0B3E1C7F0B3B005774A7 /* View */,
			);
			name = FirstScreen;
			sourceTree = "<group>";
		};
		FACD0B3E1C7F0B3B005774A7 /* View */ = {
			isa = PBXGroup;
			children = (
				FACD0B421C7F0C35005774A7 /* Transition */,
			);
			name = View;
			sourceTree = "<group>";
		};
		FACD0B3F1C7F0BD0005774A7 /* View */ = {
			isa = PBXGroup;
			children = (
				FA3BFC631C7DE88B00E4C813 /* Cells */,
			);
			name = View;
			sourceTree = "<group>";
		};
		FACD0B401C7F0BFE005774A7 /* Controller */ = {
			isa = PBXGroup;
			children = (
				FA4182E41C7F130600529008 /* APChatTableViewController.h */,
				FA4182E51C7F130600529008 /* APChatTableViewController.m */,
			);
			name = Controller;
			sourceTree = "<group>";
		};
		FACD0B411C7F0C1A005774A7 /* Controller */ = {
			isa = PBXGroup;
			children = (
				FA4182DE1C7F12E000529008 /* APFirstScreenViewController.h */,
				FA4182DF1C7F12E000529008 /* APFirstScreenViewController.m */,
			);
			name = Controller;
			sourceTree = "<group>";
		};
		FACD0B421C7F0C35005774A7 /* Transition */ = {
			isa = PBXGroup;
			children = (
				FA4182E11C7F12F400529008 /* APTransitionAnimator.h */,
				FA4182E21C7F12F400529008 /* APTransitionAnimator.m */,
			);
			name = Transition;
			sourceTree = "<group>";
		};
		FACD0B431C7F0C70005774A7 /* ServerData */ = {
			isa = PBXGroup;
			children = (
				FA41831E1C7F13B400529008 /* APInitializeData.h */,
				FA41831F1C7F13B400529008 /* APInitializeData.m */,
				FA4183201C7F13B400529008 /* data.plist */,
			);
			name = ServerData;
			sourceTree = "<group>";
		};
/* End PBXGroup section */

/* Begin PBXNativeTarget section */
		FAC43A1D1C78730200700EB4 /* TestfulApp */ = {
			isa = PBXNativeTarget;
			buildConfigurationList = FAC43A4B1C78730200700EB4 /* Build configuration list for PBXNativeTarget "TestfulApp" */;
			buildPhases = (
				FAC43A1A1C78730200700EB4 /* Sources */,
				FAC43A1B1C78730200700EB4 /* Frameworks */,
				FAC43A1C1C78730200700EB4 /* Resources */,
			);
			buildRules = (
			);
			dependencies = (
			);
			name = TestfulApp;
			productName = TestfulApp;
			productReference = FAC43A1E1C78730200700EB4 /* TestfulApp.app */;
			productType = "com.apple.product-type.application";
		};
		FAC43A361C78730200700EB4 /* TestfulAppTests */ = {
			isa = PBXNativeTarget;
			buildConfigurationList = FAC43A4E1C78730200700EB4 /* Build configuration list for PBXNativeTarget "TestfulAppTests" */;
			buildPhases = (
				FAC43A331C78730200700EB4 /* Sources */,
				FAC43A341C78730200700EB4 /* Frameworks */,
				FAC43A351C78730200700EB4 /* Resources */,
			);
			buildRules = (
			);
			dependencies = (
				FAC43A391C78730200700EB4 /* PBXTargetDependency */,
			);
			name = TestfulAppTests;
			productName = TestfulAppTests;
			productReference = FAC43A371C78730200700EB4 /* TestfulAppTests.xctest */;
			productType = "com.apple.product-type.bundle.unit-test";
		};
		FAC43A411C78730200700EB4 /* TestfulAppUITests */ = {
			isa = PBXNativeTarget;
			buildConfigurationList = FAC43A511C78730200700EB4 /* Build configuration list for PBXNativeTarget "TestfulAppUITests" */;
			buildPhases = (
				FAC43A3E1C78730200700EB4 /* Sources */,
				FAC43A3F1C78730200700EB4 /* Frameworks */,
				FAC43A401C78730200700EB4 /* Resources */,
			);
			buildRules = (
			);
			dependencies = (
				FAC43A441C78730200700EB4 /* PBXTargetDependency */,
			);
			name = TestfulAppUITests;
			productName = TestfulAppUITests;
			productReference = FAC43A421C78730200700EB4 /* TestfulAppUITests.xctest */;
			productType = "com.apple.product-type.bundle.ui-testing";
		};
/* End PBXNativeTarget section */

/* Begin PBXProject section */
		FAC43A161C78730200700EB4 /* Project object */ = {
			isa = PBXProject;
			attributes = {
				LastUpgradeCheck = 0720;
				ORGANIZATIONNAME = Alex;
				TargetAttributes = {
					FAC43A1D1C78730200700EB4 = {
						CreatedOnToolsVersion = 7.2;
					};
					FAC43A361C78730200700EB4 = {
						CreatedOnToolsVersion = 7.2;
						TestTargetID = FAC43A1D1C78730200700EB4;
					};
					FAC43A411C78730200700EB4 = {
						CreatedOnToolsVersion = 7.2;
						TestTargetID = FAC43A1D1C78730200700EB4;
					};
				};
			};
			buildConfigurationList = FAC43A191C78730200700EB4 /* Build configuration list for PBXProject "TestfulApp" */;
			compatibilityVersion = "Xcode 3.2";
			developmentRegion = English;
			hasScannedForEncodings = 0;
			knownRegions = (
				en,
				Base,
				ru,
			);
			mainGroup = FAC43A151C78730200700EB4;
			productRefGroup = FAC43A1F1C78730200700EB4 /* Products */;
			projectDirPath = "";
			projectRoot = "";
			targets = (
				FAC43A1D1C78730200700EB4 /* TestfulApp */,
				FAC43A361C78730200700EB4 /* TestfulAppTests */,
				FAC43A411C78730200700EB4 /* TestfulAppUITests */,
			);
		};
/* End PBXProject section */

/* Begin PBXResourcesBuildPhase section */
		FAC43A1C1C78730200700EB4 /* Resources */ = {
			isa = PBXResourcesBuildPhase;
			buildActionMask = 2147483647;
			files = (
				FA4183151C7F13A600529008 /* act3@3x.png in Resources */,
				FA41831A1C7F13A600529008 /* act6@2x.png in Resources */,
				FA4183191C7F13A600529008 /* act5@3x.png in Resources */,
				FA4183171C7F13A600529008 /* act4@3x.png in Resources */,
				FA4183181C7F13A600529008 /* act5@2x.png in Resources */,
				FA4182F21C7F134700529008 /* Assets.xcassets in Resources */,
				FA4183161C7F13A600529008 /* act4@2x.png in Resources */,
				FA41831D1C7F13A600529008 /* appicon@3x.png in Resources */,
				FA4183141C7F13A600529008 /* act3@2x.png in Resources */,
				FA4183101C7F13A600529008 /* act1@2x.png in Resources */,
				FAC43A311C78730200700EB4 /* LaunchScreen.storyboard in Resources */,
				FA4183111C7F13A600529008 /* act1@3x.png in Resources */,
				FA4183591C7F181800529008 /* Localizable.strings in Resources */,
				FA4182F31C7F134700529008 /* Info.plist in Resources */,
				FA41831C1C7F13A600529008 /* appIcon@2x.png in Resources */,
				FA4183121C7F13A600529008 /* act2@2x.png in Resources */,
				FA41831B1C7F13A600529008 /* act6@3x.png in Resources */,
				FA4183221C7F13B400529008 /* data.plist in Resources */,
				FAC43A2C1C78730200700EB4 /* Main.storyboard in Resources */,
				FA4183131C7F13A600529008 /* act2@3x.png in Resources */,
			);
			runOnlyForDeploymentPostprocessing = 0;
		};
		FAC43A351C78730200700EB4 /* Resources */ = {
			isa = PBXResourcesBuildPhase;
			buildActionMask = 2147483647;
			files = (
			);
			runOnlyForDeploymentPostprocessing = 0;
		};
		FAC43A401C78730200700EB4 /* Resources */ = {
			isa = PBXResourcesBuildPhase;
			buildActionMask = 2147483647;
			files = (
			);
			runOnlyForDeploymentPostprocessing = 0;
		};
/* End PBXResourcesBuildPhase section */

/* Begin PBXSourcesBuildPhase section */
		FAC43A1A1C78730200700EB4 /* Sources */ = {
			isa = PBXSourcesBuildPhase;
			buildActionMask = 2147483647;
			files = (
				FA41834A1C7F13E200529008 /* AFAutoPurgingImageCache.m in Sources */,
				FA4182F11C7F134700529008 /* AppDelegate.m in Sources */,
				FA4182E01C7F12E000529008 /* APFirstScreenViewController.m in Sources */,
				FA4183301C7F13D200529008 /* AFHTTPSessionManager.m in Sources */,
				FA4183341C7F13D200529008 /* AFURLResponseSerialization.m in Sources */,
				FA4183311C7F13D200529008 /* AFNetworkReachabilityManager.m in Sources */,
				FA41834D1C7F13E200529008 /* UIActivityIndicatorView+AFNetworking.m in Sources */,
				FA4183501C7F13E200529008 /* UIProgressView+AFNetworking.m in Sources */,
				FA4182E31C7F12F400529008 /* APTransitionAnimator.m in Sources */,
				FA41834C1C7F13E200529008 /* AFNetworkActivityIndicatorManager.m in Sources */,
				FA4183541C7F13EF00529008 /* main.m in Sources */,
				FA41834B1C7F13E200529008 /* AFImageDownloader.m in Sources */,
				FA41834E1C7F13E200529008 /* UIButton+AFNetworking.m in Sources */,
				FA41834F1C7F13E200529008 /* UIImageView+AFNetworking.m in Sources */,
				FA4183331C7F13D200529008 /* AFURLRequestSerialization.m in Sources */,
				FA4183211C7F13B400529008 /* APInitializeData.m in Sources */,
				FA4183521C7F13E200529008 /* UIWebView+AFNetworking.m in Sources */,
				FA4182E91C7F131000529008 /* APClient.m in Sources */,
				FA4183321C7F13D200529008 /* AFSecurityPolicy.m in Sources */,
				FA4183511C7F13E200529008 /* UIRefreshControl+AFNetworking.m in Sources */,
				FA4182EC1C7F131E00529008 /* APChatTableViewCell.m in Sources */,
				FA4182E61C7F130600529008 /* APChatTableViewController.m in Sources */,
				FA4183351C7F13D200529008 /* AFURLSessionManager.m in Sources */,
			);
			runOnlyForDeploymentPostprocessing = 0;
		};
		FAC43A331C78730200700EB4 /* Sources */ = {
			isa = PBXSourcesBuildPhase;
			buildActionMask = 2147483647;
			files = (
				FAC43A3C1C78730200700EB4 /* TestfulAppTests.m in Sources */,
			);
			runOnlyForDeploymentPostprocessing = 0;
		};
		FAC43A3E1C78730200700EB4 /* Sources */ = {
			isa = PBXSourcesBuildPhase;
			buildActionMask = 2147483647;
			files = (
				FAC43A471C78730200700EB4 /* TestfulAppUITests.m in Sources */,
			);
			runOnlyForDeploymentPostprocessing = 0;
		};
/* End PBXSourcesBuildPhase section */

/* Begin PBXTargetDependency section */
		FAC43A391C78730200700EB4 /* PBXTargetDependency */ = {
			isa = PBXTargetDependency;
			target = FAC43A1D1C78730200700EB4 /* TestfulApp */;
			targetProxy = FAC43A381C78730200700EB4 /* PBXContainerItemProxy */;
		};
		FAC43A441C78730200700EB4 /* PBXTargetDependency */ = {
			isa = PBXTargetDependency;
			target = FAC43A1D1C78730200700EB4 /* TestfulApp */;
			targetProxy = FAC43A431C78730200700EB4 /* PBXContainerItemProxy */;
		};
/* End PBXTargetDependency section */

/* Begin PBXVariantGroup section */
		FAC43A2A1C78730200700EB4 /* Main.storyboard */ = {
			isa = PBXVariantGroup;
			children = (
				FAC43A2B1C78730200700EB4 /* Base */,
				FAC43ABF1C7A196E00700EB4 /* ru */,
			);
			name = Main.storyboard;
			sourceTree = "<group>";
		};
		FAC43A2F1C78730200700EB4 /* LaunchScreen.storyboard */ = {
			isa = PBXVariantGroup;
			children = (
				FAC43A301C78730200700EB4 /* Base */,
				FAC43AC01C7A196E00700EB4 /* ru */,
			);
			name = LaunchScreen.storyboard;
			sourceTree = "<group>";
		};
/* End PBXVariantGroup section */

/* Begin XCBuildConfiguration section */
		FAC43A491C78730200700EB4 /* Debug */ = {
			isa = XCBuildConfiguration;
			buildSettings = {
				ALWAYS_SEARCH_USER_PATHS = NO;
				CLANG_CXX_LANGUAGE_STANDARD = "gnu++0x";
				CLANG_CXX_LIBRARY = "libc++";
				CLANG_ENABLE_MODULES = YES;
				CLANG_ENABLE_OBJC_ARC = YES;
				CLANG_WARN_BOOL_CONVERSION = YES;
				CLANG_WARN_CONSTANT_CONVERSION = YES;
				CLANG_WARN_DIRECT_OBJC_ISA_USAGE = YES_ERROR;
				CLANG_WARN_EMPTY_BODY = YES;
				CLANG_WARN_ENUM_CONVERSION = YES;
				CLANG_WARN_INT_CONVERSION = YES;
				CLANG_WARN_OBJC_ROOT_CLASS = YES_ERROR;
				CLANG_WARN_UNREACHABLE_CODE = YES;
				CLANG_WARN__DUPLICATE_METHOD_MATCH = YES;
				"CODE_SIGN_IDENTITY[sdk=iphoneos*]" = "iPhone Developer";
				COPY_PHASE_STRIP = NO;
				DEBUG_INFORMATION_FORMAT = dwarf;
				ENABLE_STRICT_OBJC_MSGSEND = YES;
				ENABLE_TESTABILITY = YES;
				GCC_C_LANGUAGE_STANDARD = gnu99;
				GCC_DYNAMIC_NO_PIC = NO;
				GCC_NO_COMMON_BLOCKS = YES;
				GCC_OPTIMIZATION_LEVEL = 0;
				GCC_PREPROCESSOR_DEFINITIONS = (
					"DEBUG=1",
					"$(inherited)",
				);
				GCC_WARN_64_TO_32_BIT_CONVERSION = YES;
				GCC_WARN_ABOUT_RETURN_TYPE = YES_ERROR;
				GCC_WARN_UNDECLARED_SELECTOR = YES;
				GCC_WARN_UNINITIALIZED_AUTOS = YES_AGGRESSIVE;
				GCC_WARN_UNUSED_FUNCTION = YES;
				GCC_WARN_UNUSED_VARIABLE = YES;
				IPHONEOS_DEPLOYMENT_TARGET = 9.2;
				MTL_ENABLE_DEBUG_INFO = YES;
				ONLY_ACTIVE_ARCH = YES;
				SDKROOT = iphoneos;
				TARGETED_DEVICE_FAMILY = "1,2";
			};
			name = Debug;
		};
		FAC43A4A1C78730200700EB4 /* Release */ = {
			isa = XCBuildConfiguration;
			buildSettings = {
				ALWAYS_SEARCH_USER_PATHS = NO;
				CLANG_CXX_LANGUAGE_STANDARD = "gnu++0x";
				CLANG_CXX_LIBRARY = "libc++";
				CLANG_ENABLE_MODULES = YES;
				CLANG_ENABLE_OBJC_ARC = YES;
				CLANG_WARN_BOOL_CONVERSION = YES;
				CLANG_WARN_CONSTANT_CONVERSION = YES;
				CLANG_WARN_DIRECT_OBJC_ISA_USAGE = YES_ERROR;
				CLANG_WARN_EMPTY_BODY = YES;
				CLANG_WARN_ENUM_CONVERSION = YES;
				CLANG_WARN_INT_CONVERSION = YES;
				CLANG_WARN_OBJC_ROOT_CLASS = YES_ERROR;
				CLANG_WARN_UNREACHABLE_CODE = YES;
				CLANG_WARN__DUPLICATE_METHOD_MATCH = YES;
				"CODE_SIGN_IDENTITY[sdk=iphoneos*]" = "iPhone Developer";
				COPY_PHASE_STRIP = NO;
				DEBUG_INFORMATION_FORMAT = "dwarf-with-dsym";
				ENABLE_NS_ASSERTIONS = NO;
				ENABLE_STRICT_OBJC_MSGSEND = YES;
				GCC_C_LANGUAGE_STANDARD = gnu99;
				GCC_NO_COMMON_BLOCKS = YES;
				GCC_WARN_64_TO_32_BIT_CONVERSION = YES;
				GCC_WARN_ABOUT_RETURN_TYPE = YES_ERROR;
				GCC_WARN_UNDECLARED_SELECTOR = YES;
				GCC_WARN_UNINITIALIZED_AUTOS = YES_AGGRESSIVE;
				GCC_WARN_UNUSED_FUNCTION = YES;
				GCC_WARN_UNUSED_VARIABLE = YES;
				IPHONEOS_DEPLOYMENT_TARGET = 9.2;
				MTL_ENABLE_DEBUG_INFO = NO;
				SDKROOT = iphoneos;
				TARGETED_DEVICE_FAMILY = "1,2";
				VALIDATE_PRODUCT = YES;
			};
			name = Release;
		};
		FAC43A4C1C78730200700EB4 /* Debug */ = {
			isa = XCBuildConfiguration;
			buildSettings = {
				INFOPLIST_FILE = "$(SRCROOT)/TestfulApp/Application/Info.plist";
				LD_RUNPATH_SEARCH_PATHS = "$(inherited) @executable_path/Frameworks";
				PRODUCT_BUNDLE_IDENTIFIER = edu.self.TestfulApp;
				PRODUCT_NAME = "$(TARGET_NAME)";
			};
			name = Debug;
		};
		FAC43A4D1C78730200700EB4 /* Release */ = {
			isa = XCBuildConfiguration;
			buildSettings = {
				INFOPLIST_FILE = "$(SRCROOT)/TestfulApp/Application/Info.plist";
				LD_RUNPATH_SEARCH_PATHS = "$(inherited) @executable_path/Frameworks";
				PRODUCT_BUNDLE_IDENTIFIER = edu.self.TestfulApp;
				PRODUCT_NAME = "$(TARGET_NAME)";
			};
			name = Release;
		};
		FAC43A4F1C78730200700EB4 /* Debug */ = {
			isa = XCBuildConfiguration;
			buildSettings = {
				BUNDLE_LOADER = "$(TEST_HOST)";
				INFOPLIST_FILE = TestfulAppTests/Info.plist;
				LD_RUNPATH_SEARCH_PATHS = "$(inherited) @executable_path/Frameworks @loader_path/Frameworks";
				PRODUCT_BUNDLE_IDENTIFIER = edu.self.TestfulAppTests;
				PRODUCT_NAME = "$(TARGET_NAME)";
				TEST_HOST = "$(BUILT_PRODUCTS_DIR)/TestfulApp.app/TestfulApp";
			};
			name = Debug;
		};
		FAC43A501C78730200700EB4 /* Release */ = {
			isa = XCBuildConfiguration;
			buildSettings = {
				BUNDLE_LOADER = "$(TEST_HOST)";
				INFOPLIST_FILE = TestfulAppTests/Info.plist;
				LD_RUNPATH_SEARCH_PATHS = "$(inherited) @executable_path/Frameworks @loader_path/Frameworks";
				PRODUCT_BUNDLE_IDENTIFIER = edu.self.TestfulAppTests;
				PRODUCT_NAME = "$(TARGET_NAME)";
				TEST_HOST = "$(BUILT_PRODUCTS_DIR)/TestfulApp.app/TestfulApp";
			};
			name = Release;
		};
		FAC43A521C78730200700EB4 /* Debug */ = {
			isa = XCBuildConfiguration;
			buildSettings = {
				INFOPLIST_FILE = TestfulAppUITests/Info.plist;
				LD_RUNPATH_SEARCH_PATHS = "$(inherited) @executable_path/Frameworks @loader_path/Frameworks";
				PRODUCT_BUNDLE_IDENTIFIER = edu.self.TestfulAppUITests;
				PRODUCT_NAME = "$(TARGET_NAME)";
				TEST_TARGET_NAME = TestfulApp;
				USES_XCTRUNNER = YES;
			};
			name = Debug;
		};
		FAC43A531C78730200700EB4 /* Release */ = {
			isa = XCBuildConfiguration;
			buildSettings = {
				INFOPLIST_FILE = TestfulAppUITests/Info.plist;
				LD_RUNPATH_SEARCH_PATHS = "$(inherited) @executable_path/Frameworks @loader_path/Frameworks";
				PRODUCT_BUNDLE_IDENTIFIER = edu.self.TestfulAppUITests;
				PRODUCT_NAME = "$(TARGET_NAME)";
				TEST_TARGET_NAME = TestfulApp;
				USES_XCTRUNNER = YES;
			};
			name = Release;
		};
/* End XCBuildConfiguration section */

/* Begin XCConfigurationList section */
		FAC43A191C78730200700EB4 /* Build configuration list for PBXProject "TestfulApp" */ = {
			isa = XCConfigurationList;
			buildConfigurations = (
				FAC43A491C78730200700EB4 /* Debug */,
				FAC43A4A1C78730200700EB4 /* Release */,
			);
			defaultConfigurationIsVisible = 0;
			defaultConfigurationName = Release;
		};
		FAC43A4B1C78730200700EB4 /* Build configuration list for PBXNativeTarget "TestfulApp" */ = {
			isa = XCConfigurationList;
			buildConfigurations = (
				FAC43A4C1C78730200700EB4 /* Debug */,
				FAC43A4D1C78730200700EB4 /* Release */,
			);
			defaultConfigurationIsVisible = 0;
			defaultConfigurationName = Release;
		};
		FAC43A4E1C78730200700EB4 /* Build configuration list for PBXNativeTarget "TestfulAppTests" */ = {
			isa = XCConfigurationList;
			buildConfigurations = (
				FAC43A4F1C78730200700EB4 /* Debug */,
				FAC43A501C78730200700EB4 /* Release */,
			);
			defaultConfigurationIsVisible = 0;
			defaultConfigurationName = Release;
		};
		FAC43A511C78730200700EB4 /* Build configuration list for PBXNativeTarget "TestfulAppUITests" */ = {
			isa = XCConfigurationList;
			buildConfigurations = (
				FAC43A521C78730200700EB4 /* Debug */,
				FAC43A531C78730200700EB4 /* Release */,
			);
			defaultConfigurationIsVisible = 0;
			defaultConfigurationName = Release;
		};
/* End XCConfigurationList section */
	};
	rootObject = FAC43A161C78730200700EB4 /* Project object */;
}
